
Microsoft Visual Studio Solution File, Format Version 12.00
# Visual Studio Version 17
VisualStudioVersion = 17.13.35919.96 d17.13
MinimumVisualStudioVersion = 10.0.40219.1
Project("{FAE04EC0-301F-11D3-BF4B-00C04F79EFBC}") = "AssetManagementApp", "AssetManagementApp\AssetManagementApp.csproj", "{9EAB0DC8-83DB-447D-89C5-F50EB202E181}"
EndProject
Global
	GlobalSection(SolutionConfigurationPlatforms) = preSolution
		Debug|Any CPU = Debug|Any CPU
		Release|Any CPU = Release|Any CPU
	EndGlobalSection
	GlobalSection(ProjectConfigurationPlatforms) = postSolution
		{9EAB0DC8-83DB-447D-89C5-F50EB202E181}.Debug|Any CPU.ActiveCfg = Debug|Any CPU
		{9EAB0DC8-83DB-447D-89C5-F50EB202E181}.Debug|Any CPU.Build.0 = Debug|Any CPU
		{9EAB0DC8-83DB-447D-89C5-F50EB202E181}.Release|Any CPU.ActiveCfg = Release|Any CPU
		{9EAB0DC8-83DB-447D-89C5-F50EB202E181}.Release|Any CPU.Build.0 = Release|Any CPU
	EndGlobalSection
	GlobalSection(SolutionProperties) = preSolution
		HideSolutionNode = FALSE
	EndGlobalSection
	GlobalSection(ExtensibilityGlobals) = postSolution
		SolutionGuid = {67099F67-21B9-4DBE-8278-7230C348ED10}
	EndGlobalSection
EndGlobal
