
Microsoft Visual Studio Solution File, Format Version 12.00
# Visual Studio Version 17
VisualStudioVersion = 17.13.35919.96 d17.13
MinimumVisualStudioVersion = 10.0.40219.1
Project("{FAE04EC0-301F-11D3-BF4B-00C04F79EFBC}") = "StudentInformationSystem", "StudentInformationSystem\StudentInformationSystem.csproj", "{678AA3DD-2DA1-4F02-BA8E-4D58B36DE07E}"
EndProject
Global
	GlobalSection(SolutionConfigurationPlatforms) = preSolution
		Debug|Any CPU = Debug|Any CPU
		Release|Any CPU = Release|Any CPU
	EndGlobalSection
	GlobalSection(ProjectConfigurationPlatforms) = postSolution
		{678AA3DD-2DA1-4F02-BA8E-4D58B36DE07E}.Debug|Any CPU.ActiveCfg = Debug|Any CPU
		{678AA3DD-2DA1-4F02-BA8E-4D58B36DE07E}.Debug|Any CPU.Build.0 = Debug|Any CPU
		{678AA3DD-2DA1-4F02-BA8E-4D58B36DE07E}.Release|Any CPU.ActiveCfg = Release|Any CPU
		{678AA3DD-2DA1-4F02-BA8E-4D58B36DE07E}.Release|Any CPU.Build.0 = Release|Any CPU
	EndGlobalSection
	GlobalSection(SolutionProperties) = preSolution
		HideSolutionNode = FALSE
	EndGlobalSection
	GlobalSection(ExtensibilityGlobals) = postSolution
		SolutionGuid = {B4C5854B-6B98-48C7-9836-01C378932F0D}
	EndGlobalSection
EndGlobal
